
Microsoft Visual Studio Solution File, Format Version 12.00
# Visual Studio Version 16
VisualStudioVersion = 16.0.31424.327
MinimumVisualStudioVersion = 10.0.40219.1
Project("{9A19103F-16F7-4668-BE54-9A1E7A4F7556}") = "Reko", "Reko\Reko.csproj", "{2D1CEE4A-2159-4754-9405-CE42C57A4A43}"
EndProject
Project("{9A19103F-16F7-4668-BE54-9A1E7A4F7556}") = "Reko.Models", "Reko.Models\Reko.Models.csproj", "{1240AA1F-EA13-46B1-B1BF-DBC0F457E03E}"
EndProject
Project("{9A19103F-16F7-4668-BE54-9A1E7A4F7556}") = "Reko.Business", "Reko.Business\Reko.Business.csproj", "{689DD15B-C217-40C6-8A7C-527030FA681F}"
EndProject
Project("{9A19103F-16F7-4668-BE54-9A1E7A4F7556}") = "Reko.Data", "Reko.Data\Reko.Data.csproj", "{49C9EB35-36AC-418F-A53F-8E2C8E4C3657}"
EndProject
Project("{9A19103F-16F7-4668-BE54-9A1E7A4F7556}") = "Reko.Contracts", "Reko.Contracts\Reko.Contracts.csproj", "{A02C6580-8C0A-4E43-869D-D0754EDAB85A}"
EndProject
Global
	GlobalSection(SolutionConfigurationPlatforms) = preSolution
		Debug|Any CPU = Debug|Any CPU
		Release|Any CPU = Release|Any CPU
	EndGlobalSection
	GlobalSection(ProjectConfigurationPlatforms) = postSolution
		{2D1CEE4A-2159-4754-9405-CE42C57A4A43}.Debug|Any CPU.ActiveCfg = Debug|Any CPU
		{2D1CEE4A-2159-4754-9405-CE42C57A4A43}.Debug|Any CPU.Build.0 = Debug|Any CPU
		{2D1CEE4A-2159-4754-9405-CE42C57A4A43}.Release|Any CPU.ActiveCfg = Release|Any CPU
		{2D1CEE4A-2159-4754-9405-CE42C57A4A43}.Release|Any CPU.Build.0 = Release|Any CPU
		{1240AA1F-EA13-46B1-B1BF-DBC0F457E03E}.Debug|Any CPU.ActiveCfg = Debug|Any CPU
		{1240AA1F-EA13-46B1-B1BF-DBC0F457E03E}.Debug|Any CPU.Build.0 = Debug|Any CPU
		{1240AA1F-EA13-46B1-B1BF-DBC0F457E03E}.Release|Any CPU.ActiveCfg = Release|Any CPU
		{1240AA1F-EA13-46B1-B1BF-DBC0F457E03E}.Release|Any CPU.Build.0 = Release|Any CPU
		{689DD15B-C217-40C6-8A7C-527030FA681F}.Debug|Any CPU.ActiveCfg = Debug|Any CPU
		{689DD15B-C217-40C6-8A7C-527030FA681F}.Debug|Any CPU.Build.0 = Debug|Any CPU
		{689DD15B-C217-40C6-8A7C-527030FA681F}.Release|Any CPU.ActiveCfg = Release|Any CPU
		{689DD15B-C217-40C6-8A7C-527030FA681F}.Release|Any CPU.Build.0 = Release|Any CPU
		{49C9EB35-36AC-418F-A53F-8E2C8E4C3657}.Debug|Any CPU.ActiveCfg = Debug|Any CPU
		{49C9EB35-36AC-418F-A53F-8E2C8E4C3657}.Debug|Any CPU.Build.0 = Debug|Any CPU
		{49C9EB35-36AC-418F-A53F-8E2C8E4C3657}.Release|Any CPU.ActiveCfg = Release|Any CPU
		{49C9EB35-36AC-418F-A53F-8E2C8E4C3657}.Release|Any CPU.Build.0 = Release|Any CPU
		{A02C6580-8C0A-4E43-869D-D0754EDAB85A}.Debug|Any CPU.ActiveCfg = Debug|Any CPU
		{A02C6580-8C0A-4E43-869D-D0754EDAB85A}.Debug|Any CPU.Build.0 = Debug|Any CPU
		{A02C6580-8C0A-4E43-869D-D0754EDAB85A}.Release|Any CPU.ActiveCfg = Release|Any CPU
		{A02C6580-8C0A-4E43-869D-D0754EDAB85A}.Release|Any CPU.Build.0 = Release|Any CPU
	EndGlobalSection
	GlobalSection(SolutionProperties) = preSolution
		HideSolutionNode = FALSE
	EndGlobalSection
	GlobalSection(ExtensibilityGlobals) = postSolution
		SolutionGuid = {2EDAF802-0E40-4F02-BB50-3A690A8BCBBE}
	EndGlobalSection
EndGlobal
